<?xml version="1.0" encoding="utf-8"?>
<Project ToolsVersion="4.0" xmlns="http://schemas.microsoft.com/developer/msbuild/2003">
  <ItemGroup>
    <Filter Include="Source Files">
      <UniqueIdentifier>{4FC737F1-C7A5-4376-A066-2A32D752A2FF}</UniqueIdentifier>
      <Extensions>cpp;c;cc;cxx;def;odl;idl;hpj;bat;asm;asmx</Extensions>
    </Filter>
    <Filter Include="Source Files\Core">
      <UniqueIdentifier>{70016cbb-8400-4952-904b-300eb8010927}</UniqueIdentifier>
    </Filter>
    <Filter Include="Source Files\Render">
      <UniqueIdentifier>{c79f7164-9238-495b-9dd2-2fca3d1abda3}</UniqueIdentifier>
    </Filter>
    <Filter Include="Source Files\Asset">
      <UniqueIdentifier>{eb541bf2-f086-4e76-8cdf-286d6bc289a0}</UniqueIdentifier>
    </Filter>
    <Filter Include="Source Files\Actor">
      <UniqueIdentifier>{d0c3cee6-7c9d-4010-9666-9af1c3c93dc9}</UniqueIdentifier>
    </Filter>
    <Filter Include="Source Files\Shader">
      <UniqueIdentifier>{45415893-4ce1-4bdf-abbe-5f3d6aa15337}</UniqueIdentifier>
    </Filter>
    <Filter Include="Source Files\UI">
      <UniqueIdentifier>{8f514f6b-41bf-4c39-a46c-0475a5d8efc2}</UniqueIdentifier>
    </Filter>
  </ItemGroup>
  <ItemGroup>
    <ClCompile Include="main.cpp">
      <Filter>Source Files</Filter>
    </ClCompile>
    <ClCompile Include="Core\Vulkan.cpp">
      <Filter>Source Files\Core</Filter>
    </ClCompile>
    <ClCompile Include="Core\Interface.cpp">
      <Filter>Source Files\Core</Filter>
    </ClCompile>
    <ClCompile Include="Render\Renderer.cpp">
      <Filter>Source Files\Render</Filter>
    </ClCompile>
    <ClCompile Include="Asset\AssetDB.cpp">
      <Filter>Source Files\Asset</Filter>
    </ClCompile>
    <ClCompile Include="Actor\Actor.cpp">
      <Filter>Source Files\Actor</Filter>
    </ClCompile>
    <ClCompile Include="Actor\Camera.cpp">
      <Filter>Source Files\Actor</Filter>
    </ClCompile>
    <ClCompile Include="Asset\Texture.cpp">
      <Filter>Source Files\Asset</Filter>
    </ClCompile>
    <ClCompile Include="Asset\Material.cpp">
      <Filter>Source Files\Asset</Filter>
    </ClCompile>
    <ClCompile Include="Asset\Geometry.cpp">
      <Filter>Source Files\Asset</Filter>
    </ClCompile>
    <ClCompile Include="Actor\Object.cpp">
      <Filter>Source Files\Actor</Filter>
    </ClCompile>
    <ClCompile Include="Render\Postprocess.cpp">
      <Filter>Source Files\Render</Filter>
    </ClCompile>
    <ClCompile Include="UI\imgui.cpp">
      <Filter>Source Files\UI</Filter>
    </ClCompile>
    <ClCompile Include="UI\imgui_demo.cpp">
      <Filter>Source Files\UI</Filter>
    </ClCompile>
    <ClCompile Include="UI\imgui_draw.cpp">
      <Filter>Source Files\UI</Filter>
    </ClCompile>
    <ClCompile Include="UI\imgui_impl_glfw_vulkan.cpp">
      <Filter>Source Files\UI</Filter>
    </ClCompile>
  </ItemGroup>
  <ItemGroup>
    <ClInclude Include="Core\Common.h">
      <Filter>Source Files\Core</Filter>
    </ClInclude>
    <ClInclude Include="Core\Vulkan.h">
      <Filter>Source Files\Core</Filter>
    </ClInclude>
    <ClInclude Include="Core\Interface.h">
      <Filter>Source Files\Core</Filter>
    </ClInclude>
    <ClInclude Include="Render\Renderer.h">
      <Filter>Source Files\Render</Filter>
    </ClInclude>
    <ClInclude Include="Asset\Geometry.h">
      <Filter>Source Files\Asset</Filter>
    </ClInclude>
    <ClInclude Include="Asset\Asset.h">
      <Filter>Source Files\Asset</Filter>
    </ClInclude>
    <ClInclude Include="Asset\AssetDB.h">
      <Filter>Source Files\Asset</Filter>
    </ClInclude>
    <ClInclude Include="Actor\Actor.h">
      <Filter>Source Files\Actor</Filter>
    </ClInclude>
    <ClInclude Include="Actor\Camera.h">
      <Filter>Source Files\Actor</Filter>
    </ClInclude>
    <ClInclude Include="Asset\Material.h">
      <Filter>Source Files\Asset</Filter>
    </ClInclude>
    <ClInclude Include="Asset\Texture.h">
      <Filter>Source Files\Asset</Filter>
    </ClInclude>
    <ClInclude Include="Actor\Object.h">
      <Filter>Source Files\Actor</Filter>
    </ClInclude>
    <ClInclude Include="Core\Time.h">
      <Filter>Source Files\Core</Filter>
    </ClInclude>
    <ClInclude Include="Core\Frustum.h">
      <Filter>Source Files\Core</Filter>
    </ClInclude>
    <ClInclude Include="Actor\Light.h">
      <Filter>Source Files\Actor</Filter>
    </ClInclude>
    <ClInclude Include="Core\Sky.h">
      <Filter>Source Files\Core</Filter>
    </ClInclude>
    <ClInclude Include="Render\Postprocess.h">
      <Filter>Source Files\Render</Filter>
    </ClInclude>
    <ClInclude Include="UI\imconfig.h">
      <Filter>Source Files\UI</Filter>
    </ClInclude>
    <ClInclude Include="UI\imgui.h">
      <Filter>Source Files\UI</Filter>
    </ClInclude>
    <ClInclude Include="UI\imgui_internal.h">
      <Filter>Source Files\UI</Filter>
    </ClInclude>
    <ClInclude Include="UI\stb_rect_pack.h">
      <Filter>Source Files\UI</Filter>
    </ClInclude>
    <ClInclude Include="UI\stb_textedit.h">
      <Filter>Source Files\UI</Filter>
    </ClInclude>
    <ClInclude Include="UI\stb_truetype.h">
      <Filter>Source Files\UI</Filter>
    </ClInclude>
    <ClInclude Include="UI\imgui_impl_glfw_vulkan.h">
      <Filter>Source Files\UI</Filter>
    </ClInclude>
    <ClInclude Include="UI\GUI.h">
      <Filter>Source Files\UI</Filter>
    </ClInclude>
  </ItemGroup>
  <ItemGroup>
    <CustomBuild Include="Shader\gbuffers.vert">
      <Filter>Source Files\Shader</Filter>
    </CustomBuild>
    <CustomBuild Include="Shader\gbuffers.frag">
      <Filter>Source Files\Shader</Filter>
    </CustomBuild>
    <CustomBuild Include="Shader\pbr.frag">
      <Filter>Source Files\Shader</Filter>
    </CustomBuild>
    <CustomBuild Include="Shader\pbr.vert">
      <Filter>Source Files\Shader</Filter>
    </CustomBuild>
    <CustomBuild Include="Shader\frustumCulling.comp">
      <Filter>Source Files\Shader</Filter>
    </CustomBuild>
    <CustomBuild Include="Shader\postProcess.frag">
      <Filter>Source Files\Shader</Filter>
    </CustomBuild>
    <CustomBuild Include="Shader\postProcess.vert">
      <Filter>Source Files\Shader</Filter>
    </CustomBuild>
    <CustomBuild Include="Shader\toneMapping.frag">
      <Filter>Source Files\Shader</Filter>
    </CustomBuild>
    <CustomBuild Include="Shader\SSR.frag">
      <Filter>Source Files\Shader</Filter>
    </CustomBuild>
    <CustomBuild Include="Shader\depthMipmap.frag">
      <Filter>Source Files\Shader</Filter>
    </CustomBuild>
    <CustomBuild Include="Shader\sky.frag">
      <Filter>Source Files\Shader</Filter>
    </CustomBuild>
    <CustomBuild Include="Shader\SSRR.frag">
      <Filter>Source Files\Shader</Filter>
    </CustomBuild>
    <CustomBuild Include="Shader\compositePostProcess.frag">
      <Filter>Source Files\Shader</Filter>
    </CustomBuild>
    <CustomBuild Include="Shader\horizontalBlur.frag">
      <Filter>Source Files\Shader</Filter>
    </CustomBuild>
    <CustomBuild Include="Shader\SSRP.comp">
      <Filter>Source Files\Shader</Filter>
    </CustomBuild>
    <CustomBuild Include="Shader\verticalBlur.frag">
      <Filter>Source Files\Shader</Filter>
    </CustomBuild>
    <CustomBuild Include="Shader\holePatching.frag">
      <Filter>Source Files\Shader</Filter>
    </CustomBuild>
  </ItemGroup>
</Project>